// !$*UTF8*$!
{
	archiveVersion = 1;
	classes = {
	};
	objectVersion = 50;
	objects = {

/* Begin PBXBuildFile section */
		33E55FBE2374A5E10052B32F /* AppDelegate.swift in Sources */ = {isa = PBXBuildFile; fileRef = 33E55FBD2374A5E10052B32F /* AppDelegate.swift */; };
		33E55FC02374A5E10052B32F /* SceneDelegate.swift in Sources */ = {isa = PBXBuildFile; fileRef = 33E55FBF2374A5E10052B32F /* SceneDelegate.swift */; };
		33E55FC22374A5E10052B32F /* ViewController.swift in Sources */ = {isa = PBXBuildFile; fileRef = 33E55FC12374A5E10052B32F /* ViewController.swift */; };
		33E55FC52374A5E10052B32F /* Main.storyboard in Resources */ = {isa = PBXBuildFile; fileRef = 33E55FC32374A5E10052B32F /* Main.storyboard */; };
		33E55FC72374A5E20052B32F /* Assets.xcassets in Resources */ = {isa = PBXBuildFile; fileRef = 33E55FC62374A5E20052B32F /* Assets.xcassets */; };
		33E55FCA2374A5E20052B32F /* LaunchScreen.storyboard in Resources */ = {isa = PBXBuildFile; fileRef = 33E55FC82374A5E20052B32F /* LaunchScreen.storyboard */; };
		33E55FD52374A5E30052B32F /* DarAppTests.swift in Sources */ = {isa = PBXBuildFile; fileRef = 33E55FD42374A5E30052B32F /* DarAppTests.swift */; };
		33E55FE02374A5E30052B32F /* DarAppUITests.swift in Sources */ = {isa = PBXBuildFile; fileRef = 33E55FDF2374A5E30052B32F /* DarAppUITests.swift */; };
/* End PBXBuildFile section */

/* Begin PBXContainerItemProxy section */
		33E55FD12374A5E30052B32F /* PBXContainerItemProxy */ = {
			isa = PBXContainerItemProxy;
			containerPortal = 33E55FB22374A5E10052B32F /* Project object */;
			proxyType = 1;
			remoteGlobalIDString = 33E55FB92374A5E10052B32F;
			remoteInfo = DarApp;
		};
		33E55FDC2374A5E30052B32F /* PBXContainerItemProxy */ = {
			isa = PBXContainerItemProxy;
			containerPortal = 33E55FB22374A5E10052B32F /* Project object */;
			proxyType = 1;
			remoteGlobalIDString = 33E55FB92374A5E10052B32F;
			remoteInfo = DarApp;
		};
/* End PBXContainerItemProxy section */

/* Begin PBXFileReference section */
		33E55FBA2374A5E10052B32F /* DarApp.app */ = {isa = PBXFileReference; explicitFileType = wrapper.application; includeInIndex = 0; path = DarApp.app; sourceTree = BUILT_PRODUCTS_DIR; };
		33E55FBD2374A5E10052B32F /* AppDelegate.swift */ = {isa = PBXFileReference; lastKnownFileType = sourcecode.swift; path = AppDelegate.swift; sourceTree = "<group>"; };
		33E55FBF2374A5E10052B32F /* SceneDelegate.swift */ = {isa = PBXFileReference; lastKnownFileType = sourcecode.swift; path = SceneDelegate.swift; sourceTree = "<group>"; };
		33E55FC12374A5E10052B32F /* ViewController.swift */ = {isa = PBXFileReference; lastKnownFileType = sourcecode.swift; path = ViewController.swift; sourceTree = "<group>"; };
		33E55FC42374A5E10052B32F /* Base */ = {isa = PBXFileReference; lastKnownFileType = file.storyboard; name = Base; path = Base.lproj/Main.storyboard; sourceTree = "<group>"; };
		33E55FC62374A5E20052B32F /* Assets.xcassets */ = {isa = PBXFileReference; lastKnownFileType = folder.assetcatalog; path = Assets.xcassets; sourceTree = "<group>"; };
		33E55FC92374A5E20052B32F /* Base */ = {isa = PBXFileReference; lastKnownFileType = file.storyboard; name = Base; path = Base.lproj/LaunchScreen.storyboard; sourceTree = "<group>"; };
		33E55FCB2374A5E20052B32F /* Info.plist */ = {isa = PBXFileReference; lastKnownFileType = text.plist.xml; path = Info.plist; sourceTree = "<group>"; };
		33E55FD02374A5E30052B32F /* DarAppTests.xctest */ = {isa = PBXFileReference; explicitFileType = wrapper.cfbundle; includeInIndex = 0; path = DarAppTests.xctest; sourceTree = BUILT_PRODUCTS_DIR; };
		33E55FD42374A5E30052B32F /* DarAppTests.swift */ = {isa = PBXFileReference; lastKnownFileType = sourcecode.swift; path = DarAppTests.swift; sourceTree = "<group>"; };
		33E55FD62374A5E30052B32F /* Info.plist */ = {isa = PBXFileReference; lastKnownFileType = text.plist.xml; path = Info.plist; sourceTree = "<group>"; };
		33E55FDB2374A5E30052B32F /* DarAppUITests.xctest */ = {isa = PBXFileReference; explicitFileType = wrapper.cfbundle; includeInIndex = 0; path = DarAppUITests.xctest; sourceTree = BUILT_PRODUCTS_DIR; };
		33E55FDF2374A5E30052B32F /* DarAppUITests.swift */ = {isa = PBXFileReference; lastKnownFileType = sourcecode.swift; path = DarAppUITests.swift; sourceTree = "<group>"; };
		33E55FE12374A5E30052B32F /* Info.plist */ = {isa = PBXFileReference; lastKnownFileType = text.plist.xml; path = Info.plist; sourceTree = "<group>"; };
/* End PBXFileReference section */

/* Begin PBXFrameworksBuildPhase section */
		33E55FB72374A5E10052B32F /* Frameworks */ = {
			isa = PBXFrameworksBuildPhase;
			buildActionMask = 2147483647;
			files = (
			);
			runOnlyForDeploymentPostprocessing = 0;
		};
		33E55FCD2374A5E30052B32F /* Frameworks */ = {
			isa = PBXFrameworksBuildPhase;
			buildActionMask = 2147483647;
			files = (
			);
			runOnlyForDeploymentPostprocessing = 0;
		};
		33E55FD82374A5E30052B32F /* Frameworks */ = {
			isa = PBXFrameworksBuildPhase;
			buildActionMask = 2147483647;
			files = (
			);
			runOnlyForDeploymentPostprocessing = 0;
		};
/* End PBXFrameworksBuildPhase section */

/* Begin PBXGroup section */
		33E55FB12374A5E10052B32F = {
			isa = PBXGroup;
			children = (
				33E55FBC2374A5E10052B32F /* DarApp */,
				33E55FD32374A5E30052B32F /* DarAppTests */,
				33E55FDE2374A5E30052B32F /* DarAppUITests */,
				33E55FBB2374A5E10052B32F /* Products */,
			);
			sourceTree = "<group>";
		};
		33E55FBB2374A5E10052B32F /* Products */ = {
			isa = PBXGroup;
			children = (
				33E55FBA2374A5E10052B32F /* DarApp.app */,
				33E55FD02374A5E30052B32F /* DarAppTests.xctest */,
				33E55FDB2374A5E30052B32F /* DarAppUITests.xctest */,
			);
			name = Products;
			sourceTree = "<group>";
		};
		33E55FBC2374A5E10052B32F /* DarApp */ = {
			isa = PBXGroup;
			children = (
				33E55FBD2374A5E10052B32F /* AppDelegate.swift */,
				33E55FBF2374A5E10052B32F /* SceneDelegate.swift */,
				33E55FC12374A5E10052B32F /* ViewController.swift */,
				33E55FC32374A5E10052B32F /* Main.storyboard */,
				33E55FC62374A5E20052B32F /* Assets.xcassets */,
				33E55FC82374A5E20052B32F /* LaunchScreen.storyboard */,
				33E55FCB2374A5E20052B32F /* Info.plist */,
			);
			path = DarApp;
			sourceTree = "<group>";
		};
		33E55FD32374A5E30052B32F /* DarAppTests */ = {
			isa = PBXGroup;
			children = (
				33E55FD42374A5E30052B32F /* DarAppTests.swift */,
				33E55FD62374A5E30052B32F /* Info.plist */,
			);
			path = DarAppTests;
			sourceTree = "<group>";
		};
		33E55FDE2374A5E30052B32F /* DarAppUITests */ = {
			isa = PBXGroup;
			children = (
				33E55FDF2374A5E30052B32F /* DarAppUITests.swift */,
				33E55FE12374A5E30052B32F /* Info.plist */,
			);
			path = DarAppUITests;
			sourceTree = "<group>";
		};
/* End PBXGroup section */

/* Begin PBXNativeTarget section */
		33E55FB92374A5E10052B32F /* DarApp */ = {
			isa = PBXNativeTarget;
			buildConfigurationList = 33E55FE42374A5E30052B32F /* Build configuration list for PBXNativeTarget "DarApp" */;
			buildPhases = (
				33E55FB62374A5E10052B32F /* Sources */,
				33E55FB72374A5E10052B32F /* Frameworks */,
				33E55FB82374A5E10052B32F /* Resources */,
			);
			buildRules = (
			);
			dependencies = (
			);
			name = DarApp;
			productName = DarApp;
			productReference = 33E55FBA2374A5E10052B32F /* DarApp.app */;
			productType = "com.apple.product-type.application";
		};
		33E55FCF2374A5E30052B32F /* DarAppTests */ = {
			isa = PBXNativeTarget;
			buildConfigurationList = 33E55FE72374A5E30052B32F /* Build configuration list for PBXNativeTarget "DarAppTests" */;
			buildPhases = (
				33E55FCC2374A5E30052B32F /* Sources */,
				33E55FCD2374A5E30052B32F /* Frameworks */,
				33E55FCE2374A5E30052B32F /* Resources */,
			);
			buildRules = (
			);
			dependencies = (
				33E55FD22374A5E30052B32F /* PBXTargetDependency */,
			);
			name = DarAppTests;
			productName = DarAppTests;
			productReference = 33E55FD02374A5E30052B32F /* DarAppTests.xctest */;
			productType = "com.apple.product-type.bundle.unit-test";
		};
		33E55FDA2374A5E30052B32F /* DarAppUITests */ = {
			isa = PBXNativeTarget;
			buildConfigurationList = 33E55FEA2374A5E30052B32F /* Build configuration list for PBXNativeTarget "DarAppUITests" */;
			buildPhases = (
				33E55FD72374A5E30052B32F /* Sources */,
				33E55FD82374A5E30052B32F /* Frameworks */,
				33E55FD92374A5E30052B32F /* Resources */,
			);
			buildRules = (
			);
			dependencies = (
				33E55FDD2374A5E30052B32F /* PBXTargetDependency */,
			);
			name = DarAppUITests;
			productName = DarAppUITests;
			productReference = 33E55FDB2374A5E30052B32F /* DarAppUITests.xctest */;
			productType = "com.apple.product-type.bundle.ui-testing";
		};
/* End PBXNativeTarget section */

/* Begin PBXProject section */
		33E55FB22374A5E10052B32F /* Project object */ = {
			isa = PBXProject;
			attributes = {
				LastSwiftUpdateCheck = 1110;
				LastUpgradeCheck = 1110;
				ORGANIZATIONNAME = "Darya Zavolskaya";
				TargetAttributes = {
					33E55FB92374A5E10052B32F = {
						CreatedOnToolsVersion = 11.1;
					};
					33E55FCF2374A5E30052B32F = {
						CreatedOnToolsVersion = 11.1;
						TestTargetID = 33E55FB92374A5E10052B32F;
					};
					33E55FDA2374A5E30052B32F = {
						CreatedOnToolsVersion = 11.1;
						TestTargetID = 33E55FB92374A5E10052B32F;
					};
				};
			};
			buildConfigurationList = 33E55FB52374A5E10052B32F /* Build configuration list for PBXProject "DarApp" */;
			compatibilityVersion = "Xcode 9.3";
			developmentRegion = en;
			hasScannedForEncodings = 0;
			knownRegions = (
				en,
				Base,
			);
			mainGroup = 33E55FB12374A5E10052B32F;
			productRefGroup = 33E55FBB2374A5E10052B32F /* Products */;
			projectDirPath = "";
			projectRoot = "";
			targets = (
				33E55FB92374A5E10052B32F /* DarApp */,
				33E55FCF2374A5E30052B32F /* DarAppTests */,
				33E55FDA2374A5E30052B32F /* DarAppUITests */,
			);
		};
/* End PBXProject section */

/* Begin PBXResourcesBuildPhase section */
		33E55FB82374A5E10052B32F /* Resources */ = {
			isa = PBXResourcesBuildPhase;
			buildActionMask = 2147483647;
			files = (
				33E55FCA2374A5E20052B32F /* LaunchScreen.storyboard in Resources */,
				33E55FC72374A5E20052B32F /* Assets.xcassets in Resources */,
				33E55FC52374A5E10052B32F /* Main.storyboard in Resources */,
			);
			runOnlyForDeploymentPostprocessing = 0;
		};
		33E55FCE2374A5E30052B32F /* Resources */ = {
			isa = PBXResourcesBuildPhase;
			buildActionMask = 2147483647;
			files = (
			);
			runOnlyForDeploymentPostprocessing = 0;
		};
		33E55FD92374A5E30052B32F /* Resources */ = {
			isa = PBXResourcesBuildPhase;
			buildActionMask = 2147483647;
			files = (
			);
			runOnlyForDeploymentPostprocessing = 0;
		};
/* End PBXResourcesBuildPhase section */

/* Begin PBXSourcesBuildPhase section */
		33E55FB62374A5E10052B32F /* Sources */ = {
			isa = PBXSourcesBuildPhase;
			buildActionMask = 2147483647;
			files = (
				33E55FC22374A5E10052B32F /* ViewController.swift in Sources */,
				33E55FBE2374A5E10052B32F /* AppDelegate.swift in Sources */,
				33E55FC02374A5E10052B32F /* SceneDelegate.swift in Sources */,
			);
			runOnlyForDeploymentPostprocessing = 0;
		};
		33E55FCC2374A5E30052B32F /* Sources */ = {
			isa = PBXSourcesBuildPhase;
			buildActionMask = 2147483647;
			files = (
				33E55FD52374A5E30052B32F /* DarAppTests.swift in Sources */,
			);
			runOnlyForDeploymentPostprocessing = 0;
		};
		33E55FD72374A5E30052B32F /* Sources */ = {
			isa = PBXSourcesBuildPhase;
			buildActionMask = 2147483647;
			files = (
				33E55FE02374A5E30052B32F /* DarAppUITests.swift in Sources */,
			);
			runOnlyForDeploymentPostprocessing = 0;
		};
/* End PBXSourcesBuildPhase section */

/* Begin PBXTargetDependency section */
		33E55FD22374A5E30052B32F /* PBXTargetDependency */ = {
			isa = PBXTargetDependency;
			target = 33E55FB92374A5E10052B32F /* DarApp */;
			targetProxy = 33E55FD12374A5E30052B32F /* PBXContainerItemProxy */;
		};
		33E55FDD2374A5E30052B32F /* PBXTargetDependency */ = {
			isa = PBXTargetDependency;
			target = 33E55FB92374A5E10052B32F /* DarApp */;
			targetProxy = 33E55FDC2374A5E30052B32F /* PBXContainerItemProxy */;
		};
/* End PBXTargetDependency section */

/* Begin PBXVariantGroup section */
		33E55FC32374A5E10052B32F /* Main.storyboard */ = {
			isa = PBXVariantGroup;
			children = (
				33E55FC42374A5E10052B32F /* Base */,
			);
			name = Main.storyboard;
			sourceTree = "<group>";
		};
		33E55FC82374A5E20052B32F /* LaunchScreen.storyboard */ = {
			isa = PBXVariantGroup;
			children = (
				33E55FC92374A5E20052B32F /* Base */,
			);
			name = LaunchScreen.storyboard;
			sourceTree = "<group>";
		};
/* End PBXVariantGroup section */

/* Begin XCBuildConfiguration section */
		33E55FE22374A5E30052B32F /* Debug */ = {
			isa = XCBuildConfiguration;
			buildSettings = {
				ALWAYS_SEARCH_USER_PATHS = NO;
				CLANG_ANALYZER_NONNULL = YES;
				CLANG_ANALYZER_NUMBER_OBJECT_CONVERSION = YES_AGGRESSIVE;
				CLANG_CXX_LANGUAGE_STANDARD = "gnu++14";
				CLANG_CXX_LIBRARY = "libc++";
				CLANG_ENABLE_MODULES = YES;
				CLANG_ENABLE_OBJC_ARC = YES;
				CLANG_ENABLE_OBJC_WEAK = YES;
				CLANG_WARN_BLOCK_CAPTURE_AUTORELEASING = YES;
				CLANG_WARN_BOOL_CONVERSION = YES;
				CLANG_WARN_COMMA = YES;
				CLANG_WARN_CONSTANT_CONVERSION = YES;
				CLANG_WARN_DEPRECATED_OBJC_IMPLEMENTATIONS = YES;
				CLANG_WARN_DIRECT_OBJC_ISA_USAGE = YES_ERROR;
				CLANG_WARN_DOCUMENTATION_COMMENTS = YES;
				CLANG_WARN_EMPTY_BODY = YES;
				CLANG_WARN_ENUM_CONVERSION = YES;
				CLANG_WARN_INFINITE_RECURSION = YES;
				CLANG_WARN_INT_CONVERSION = YES;
				CLANG_WARN_NON_LITERAL_NULL_CONVERSION = YES;
				CLANG_WARN_OBJC_IMPLICIT_RETAIN_SELF = YES;
				CLANG_WARN_OBJC_LITERAL_CONVERSION = YES;
				CLANG_WARN_OBJC_ROOT_CLASS = YES_ERROR;
				CLANG_WARN_RANGE_LOOP_ANALYSIS = YES;
				CLANG_WARN_STRICT_PROTOTYPES = YES;
				CLANG_WARN_SUSPICIOUS_MOVE = YES;
				CLANG_WARN_UNGUARDED_AVAILABILITY = YES_AGGRESSIVE;
				CLANG_WARN_UNREACHABLE_CODE = YES;
				CLANG_WARN__DUPLICATE_METHOD_MATCH = YES;
				COPY_PHASE_STRIP = NO;
				DEBUG_INFORMATION_FORMAT = dwarf;
				ENABLE_STRICT_OBJC_MSGSEND = YES;
				ENABLE_TESTABILITY = YES;
				GCC_C_LANGUAGE_STANDARD = gnu11;
				GCC_DYNAMIC_NO_PIC = NO;
				GCC_NO_COMMON_BLOCKS = YES;
				GCC_OPTIMIZATION_LEVEL = 0;
				GCC_PREPROCESSOR_DEFINITIONS = (
					"DEBUG=1",
					"$(inherited)",
				);
				GCC_WARN_64_TO_32_BIT_CONVERSION = YES;
				GCC_WARN_ABOUT_RETURN_TYPE = YES_ERROR;
				GCC_WARN_UNDECLARED_SELECTOR = YES;
				GCC_WARN_UNINITIALIZED_AUTOS = YES_AGGRESSIVE;
				GCC_WARN_UNUSED_FUNCTION = YES;
				GCC_WARN_UNUSED_VARIABLE = YES;
				IPHONEOS_DEPLOYMENT_TARGET = 13.1;
				MTL_ENABLE_DEBUG_INFO = INCLUDE_SOURCE;
				MTL_FAST_MATH = YES;
				ONLY_ACTIVE_ARCH = YES;
				SDKROOT = iphoneos;
				SWIFT_ACTIVE_COMPILATION_CONDITIONS = DEBUG;
				SWIFT_OPTIMIZATION_LEVEL = "-Onone";
			};
			name = Debug;
		};
		33E55FE32374A5E30052B32F /* Release */ = {
			isa = XCBuildConfiguration;
			buildSettings = {
				ALWAYS_SEARCH_USER_PATHS = NO;
				CLANG_ANALYZER_NONNULL = YES;
				CLANG_ANALYZER_NUMBER_OBJECT_CONVERSION = YES_AGGRESSIVE;
				CLANG_CXX_LANGUAGE_STANDARD = "gnu++14";
				CLANG_CXX_LIBRARY = "libc++";
				CLANG_ENABLE_MODULES = YES;
				CLANG_ENABLE_OBJC_ARC = YES;
				CLANG_ENABLE_OBJC_WEAK = YES;
				CLANG_WARN_BLOCK_CAPTURE_AUTORELEASING = YES;
				CLANG_WARN_BOOL_CONVERSION = YES;
				CLANG_WARN_COMMA = YES;
				CLANG_WARN_CONSTANT_CONVERSION = YES;
				CLANG_WARN_DEPRECATED_OBJC_IMPLEMENTATIONS = YES;
				CLANG_WARN_DIRECT_OBJC_ISA_USAGE = YES_ERROR;
				CLANG_WARN_DOCUMENTATION_COMMENTS = YES;
				CLANG_WARN_EMPTY_BODY = YES;
				CLANG_WARN_ENUM_CONVERSION = YES;
				CLANG_WARN_INFINITE_RECURSION = YES;
				CLANG_WARN_INT_CONVERSION = YES;
				CLANG_WARN_NON_LITERAL_NULL_CONVERSION = YES;
				CLANG_WARN_OBJC_IMPLICIT_RETAIN_SELF = YES;
				CLANG_WARN_OBJC_LITERAL_CONVERSION = YES;
				CLANG_WARN_OBJC_ROOT_CLASS = YES_ERROR;
				CLANG_WARN_RANGE_LOOP_ANALYSIS = YES;
				CLANG_WARN_STRICT_PROTOTYPES = YES;
				CLANG_WARN_SUSPICIOUS_MOVE = YES;
				CLANG_WARN_UNGUARDED_AVAILABILITY = YES_AGGRESSIVE;
				CLANG_WARN_UNREACHABLE_CODE = YES;
				CLANG_WARN__DUPLICATE_METHOD_MATCH = YES;
				COPY_PHASE_STRIP = NO;
				DEBUG_INFORMATION_FORMAT = "dwarf-with-dsym";
				ENABLE_NS_ASSERTIONS = NO;
				ENABLE_STRICT_OBJC_MSGSEND = YES;
				GCC_C_LANGUAGE_STANDARD = gnu11;
				GCC_NO_COMMON_BLOCKS = YES;
				GCC_WARN_64_TO_32_BIT_CONVERSION = YES;
				GCC_WARN_ABOUT_RETURN_TYPE = YES_ERROR;
				GCC_WARN_UNDECLARED_SELECTOR = YES;
				GCC_WARN_UNINITIALIZED_AUTOS = YES_AGGRESSIVE;
				GCC_WARN_UNUSED_FUNCTION = YES;
				GCC_WARN_UNUSED_VARIABLE = YES;
				IPHONEOS_DEPLOYMENT_TARGET = 13.1;
				MTL_ENABLE_DEBUG_INFO = NO;
				MTL_FAST_MATH = YES;
				SDKROOT = iphoneos;
				SWIFT_COMPILATION_MODE = wholemodule;
				SWIFT_OPTIMIZATION_LEVEL = "-O";
				VALIDATE_PRODUCT = YES;
			};
			name = Release;
		};
		33E55FE52374A5E30052B32F /* Debug */ = {
			isa = XCBuildConfiguration;
			buildSettings = {
				ASSETCATALOG_COMPILER_APPICON_NAME = AppIcon;
				CODE_SIGN_STYLE = Automatic;
				DEVELOPMENT_TEAM = NMGZ6595YB;
				INFOPLIST_FILE = DarApp/Info.plist;
				LD_RUNPATH_SEARCH_PATHS = (
					"$(inherited)",
					"@executable_path/Frameworks",
				);
				PRODUCT_BUNDLE_IDENTIFIER = Darya.DarApp;
				PRODUCT_NAME = "$(TARGET_NAME)";
				SWIFT_VERSION = 5.0;
				TARGETED_DEVICE_FAMILY = "1,2";
			};
			name = Debug;
		};
		33E55FE62374A5E30052B32F /* Release */ = {
			isa = XCBuildConfiguration;
			buildSettings = {
				ASSETCATALOG_COMPILER_APPICON_NAME = AppIcon;
				CODE_SIGN_STYLE = Automatic;
				DEVELOPMENT_TEAM = NMGZ6595YB;
				INFOPLIST_FILE = DarApp/Info.plist;
				LD_RUNPATH_SEARCH_PATHS = (
					"$(inherited)",
					"@executable_path/Frameworks",
				);
				PRODUCT_BUNDLE_IDENTIFIER = Darya.DarApp;
				PRODUCT_NAME = "$(TARGET_NAME)";
				SWIFT_VERSION = 5.0;
				TARGETED_DEVICE_FAMILY = "1,2";
			};
			name = Release;
		};
		33E55FE82374A5E30052B32F /* Debug */ = {
			isa = XCBuildConfiguration;
			buildSettings = {
				ALWAYS_EMBED_SWIFT_STANDARD_LIBRARIES = YES;
				BUNDLE_LOADER = "$(TEST_HOST)";
				CODE_SIGN_STYLE = Automatic;
				DEVELOPMENT_TEAM = NMGZ6595YB;
				INFOPLIST_FILE = DarAppTests/Info.plist;
				IPHONEOS_DEPLOYMENT_TARGET = 13.1;
				LD_RUNPATH_SEARCH_PATHS = (
					"$(inherited)",
					"@executable_path/Frameworks",
					"@loader_path/Frameworks",
				);
				PRODUCT_BUNDLE_IDENTIFIER = Darya.DarAppTests;
				PRODUCT_NAME = "$(TARGET_NAME)";
				SWIFT_VERSION = 5.0;
				TARGETED_DEVICE_FAMILY = "1,2";
				TEST_HOST = "$(BUILT_PRODUCTS_DIR)/DarApp.app/DarApp";
			};
			name = Debug;
		};
		33E55FE92374A5E30052B32F /* Release */ = {
			isa = XCBuildConfiguration;
			buildSettings = {
				ALWAYS_EMBED_SWIFT_STANDARD_LIBRARIES = YES;
				BUNDLE_LOADER = "$(TEST_HOST)";
				CODE_SIGN_STYLE = Automatic;
				DEVELOPMENT_TEAM = NMGZ6595YB;
				INFOPLIST_FILE = DarAppTests/Info.plist;
				IPHONEOS_DEPLOYMENT_TARGET = 13.1;
				LD_RUNPATH_SEARCH_PATHS = (
					"$(inherited)",
					"@executable_path/Frameworks",
					"@loader_path/Frameworks",
				);
				PRODUCT_BUNDLE_IDENTIFIER = Darya.DarAppTests;
				PRODUCT_NAME = "$(TARGET_NAME)";
				SWIFT_VERSION = 5.0;
				TARGETED_DEVICE_FAMILY = "1,2";
				TEST_HOST = "$(BUILT_PRODUCTS_DIR)/DarApp.app/DarApp";
			};
			name = Release;
		};
		33E55FEB2374A5E30052B32F /* Debug */ = {
			isa = XCBuildConfiguration;
			buildSettings = {
				ALWAYS_EMBED_SWIFT_STANDARD_LIBRARIES = YES;
				CODE_SIGN_STYLE = Automatic;
				DEVELOPMENT_TEAM = NMGZ6595YB;
				INFOPLIST_FILE = DarAppUITests/Info.plist;
				LD_RUNPATH_SEARCH_PATHS = (
					"$(inherited)",
					"@executable_path/Frameworks",
					"@loader_path/Frameworks",
				);
				PRODUCT_BUNDLE_IDENTIFIER = Darya.DarAppUITests;
				PRODUCT_NAME = "$(TARGET_NAME)";
				SWIFT_VERSION = 5.0;
				TARGETED_DEVICE_FAMILY = "1,2";
				TEST_TARGET_NAME = DarApp;
			};
			name = Debug;
		};
		33E55FEC2374A5E30052B32F /* Release */ = {
			isa = XCBuildConfiguration;
			buildSettings = {
				ALWAYS_EMBED_SWIFT_STANDARD_LIBRARIES = YES;
				CODE_SIGN_STYLE = Automatic;
				DEVELOPMENT_TEAM = NMGZ6595YB;
				INFOPLIST_FILE = DarAppUITests/Info.plist;
				LD_RUNPATH_SEARCH_PATHS = (
					"$(inherited)",
					"@executable_path/Frameworks",
					"@loader_path/Frameworks",
				);
				PRODUCT_BUNDLE_IDENTIFIER = Darya.DarAppUITests;
				PRODUCT_NAME = "$(TARGET_NAME)";
				SWIFT_VERSION = 5.0;
				TARGETED_DEVICE_FAMILY = "1,2";
				TEST_TARGET_NAME = DarApp;
			};
			name = Release;
		};
/* End XCBuildConfiguration section */

/* Begin XCConfigurationList section */
		33E55FB52374A5E10052B32F /* Build configuration list for PBXProject "DarApp" */ = {
			isa = XCConfigurationList;
			buildConfigurations = (
				33E55FE22374A5E30052B32F /* Debug */,
				33E55FE32374A5E30052B32F /* Release */,
			);
			defaultConfigurationIsVisible = 0;
			defaultConfigurationName = Release;
		};
		33E55FE42374A5E30052B32F /* Build configuration list for PBXNativeTarget "DarApp" */ = {
			isa = XCConfigurationList;
			buildConfigurations = (
				33E55FE52374A5E30052B32F /* Debug */,
				33E55FE62374A5E30052B32F /* Release */,
			);
			defaultConfigurationIsVisible = 0;
			defaultConfigurationName = Release;
		};
		33E55FE72374A5E30052B32F /* Build configuration list for PBXNativeTarget "DarAppTests" */ = {
			isa = XCConfigurationList;
			buildConfigurations = (
				33E55FE82374A5E30052B32F /* Debug */,
				33E55FE92374A5E30052B32F /* Release */,
			);
			defaultConfigurationIsVisible = 0;
			defaultConfigurationName = Release;
		};
		33E55FEA2374A5E30052B32F /* Build configuration list for PBXNativeTarget "DarAppUITests" */ = {
			isa = XCConfigurationList;
			buildConfigurations = (
				33E55FEB2374A5E30052B32F /* Debug */,
				33E55FEC2374A5E30052B32F /* Release */,
			);
			defaultConfigurationIsVisible = 0;
			defaultConfigurationName = Release;
		};
/* End XCConfigurationList section */
	};
	rootObject = 33E55FB22374A5E10052B32F /* Project object */;
}
